<?xml version="1.0" encoding="utf-8"?>
<Project ToolsVersion="4.0" xmlns="http://schemas.microsoft.com/developer/msbuild/2003">
  <ItemGroup>
    <Filter Include="Tsumugi">
      <UniqueIdentifier>{61c3f9af-36e2-43d7-a9e1-6b4431463ac6}</UniqueIdentifier>
    </Filter>
    <Filter Include="Tsumugi\Public">
      <UniqueIdentifier>{759598a7-26c9-469b-8c4b-135541165e35}</UniqueIdentifier>
    </Filter>
    <Filter Include="Tsumugi\Private">
      <UniqueIdentifier>{97b3b594-6a34-4ee8-b200-06577da7e0c9}</UniqueIdentifier>
    </Filter>
    <Filter Include="Tsumugi\Private\Foundation">
      <UniqueIdentifier>{84c67e5e-eabc-4bbe-84cf-afd7283f79cd}</UniqueIdentifier>
    </Filter>
    <Filter Include="Tsumugi\Private\Script">
      <UniqueIdentifier>{000c33f3-ce6e-4a65-a70a-8ad262429216}</UniqueIdentifier>
    </Filter>
    <Filter Include="Tsumugi\Private\Text">
      <UniqueIdentifier>{1c1d30b0-7075-4aa8-a623-cf7eae4505b5}</UniqueIdentifier>
    </Filter>
    <Filter Include="Tsumugi\Private\Log">
      <UniqueIdentifier>{e68bea62-ca71-4afc-ab86-e0c80a3356ec}</UniqueIdentifier>
    </Filter>
    <Filter Include="Tsumugi\Private\Localization">
      <UniqueIdentifier>{fbbe1591-9dd0-416e-b8ad-0f1dd03d872e}</UniqueIdentifier>
    </Filter>
    <Filter Include="Tsumugi\Private\Script\Objects">
      <UniqueIdentifier>{e537086d-8b1e-4a21-b0c3-c09c51399711}</UniqueIdentifier>
    </Filter>
    <Filter Include="Tsumugi\Private\Script\Evaluator">
      <UniqueIdentifier>{88f26a19-0d84-49cb-8cd6-60339e1e88b5}</UniqueIdentifier>
    </Filter>
    <Filter Include="Tsumugi\Private\Common">
      <UniqueIdentifier>{c9c05af4-6710-4cf3-8d56-3882d968947d}</UniqueIdentifier>
    </Filter>
    <Filter Include="Tsumugi\Private\Script\AST">
      <UniqueIdentifier>{932431a9-2d32-4995-a0b0-5de6b4b8bf74}</UniqueIdentifier>
    </Filter>
    <Filter Include="Tsumugi\Private\Script\AST\Statements">
      <UniqueIdentifier>{d322b0e5-ab11-4248-b557-6a80d23045e6}</UniqueIdentifier>
    </Filter>
    <Filter Include="Tsumugi\Private\Script\AST\Expressions">
      <UniqueIdentifier>{7235f005-a981-4b4a-b0a2-aa41221733ce}</UniqueIdentifier>
    </Filter>
    <Filter Include="Tsumugi\Private\Script\Parser">
      <UniqueIdentifier>{e58f3d88-6487-4324-a633-5cfd43fcd841}</UniqueIdentifier>
    </Filter>
    <Filter Include="Tsumugi\Private\Text\Lexer">
      <UniqueIdentifier>{43aba79e-cf8b-498a-888c-f50e65ee7904}</UniqueIdentifier>
    </Filter>
    <Filter Include="Tsumugi\Private\Script\Lexer">
      <UniqueIdentifier>{1c684aec-eb96-4d1d-9c45-56a29645760e}</UniqueIdentifier>
    </Filter>
    <Filter Include="Tsumugi\Private\Script\Builtins">
      <UniqueIdentifier>{6c35b43e-d84d-45c9-a9bb-363679afa7e2}</UniqueIdentifier>
    </Filter>
  </ItemGroup>
  <ItemGroup>
    <ClInclude Include="..\..\TsumugiGame\Plugins\Tsumugi\Source\Tsumugi\Private\Common\ErrorReporter.h">
      <Filter>Tsumugi\Private\Common</Filter>
    </ClInclude>
    <ClInclude Include="..\..\TsumugiGame\Plugins\Tsumugi\Source\Tsumugi\Private\Foundation\Types.h">
      <Filter>Tsumugi\Private\Foundation</Filter>
    </ClInclude>
    <ClInclude Include="..\..\TsumugiGame\Plugins\Tsumugi\Source\Tsumugi\Private\Localization\Localizer.h">
      <Filter>Tsumugi\Private\Localization</Filter>
    </ClInclude>
    <ClInclude Include="..\..\TsumugiGame\Plugins\Tsumugi\Source\Tsumugi\Private\Log\LogConsole.h">
      <Filter>Tsumugi\Private\Log</Filter>
    </ClInclude>
    <ClInclude Include="..\..\TsumugiGame\Plugins\Tsumugi\Source\Tsumugi\Private\Log\TextLogger.h">
      <Filter>Tsumugi\Private\Log</Filter>
    </ClInclude>
    <ClInclude Include="..\..\TsumugiGame\Plugins\Tsumugi\Source\Tsumugi\Private\Text\Lexer\TextLexer.h">
      <Filter>Tsumugi\Private\Text\Lexer</Filter>
    </ClInclude>
    <ClInclude Include="..\..\TsumugiGame\Plugins\Tsumugi\Source\Tsumugi\Private\Text\Lexer\TextToken.h">
      <Filter>Tsumugi\Private\Text\Lexer</Filter>
    </ClInclude>
    <ClInclude Include="..\..\TsumugiGame\Plugins\Tsumugi\Source\Tsumugi\Private\Script\Parser\ScriptParser.h">
      <Filter>Tsumugi\Private\Script\Parser</Filter>
    </ClInclude>
    <ClInclude Include="..\..\TsumugiGame\Plugins\Tsumugi\Source\Tsumugi\Private\Script\Objects\ArrayObject.h">
      <Filter>Tsumugi\Private\Script\Objects</Filter>
    </ClInclude>
    <ClInclude Include="..\..\TsumugiGame\Plugins\Tsumugi\Source\Tsumugi\Private\Script\Objects\BooleanObject.h">
      <Filter>Tsumugi\Private\Script\Objects</Filter>
    </ClInclude>
    <ClInclude Include="..\..\TsumugiGame\Plugins\Tsumugi\Source\Tsumugi\Private\Script\Objects\Environment.h">
      <Filter>Tsumugi\Private\Script\Objects</Filter>
    </ClInclude>
    <ClInclude Include="..\..\TsumugiGame\Plugins\Tsumugi\Source\Tsumugi\Private\Script\Objects\ErrorObject.h">
      <Filter>Tsumugi\Private\Script\Objects</Filter>
    </ClInclude>
    <ClInclude Include="..\..\TsumugiGame\Plugins\Tsumugi\Source\Tsumugi\Private\Script\Objects\FunctionObject.h">
      <Filter>Tsumugi\Private\Script\Objects</Filter>
    </ClInclude>
    <ClInclude Include="..\..\TsumugiGame\Plugins\Tsumugi\Source\Tsumugi\Private\Script\Objects\IntegerObject.h">
      <Filter>Tsumugi\Private\Script\Objects</Filter>
    </ClInclude>
    <ClInclude Include="..\..\TsumugiGame\Plugins\Tsumugi\Source\Tsumugi\Private\Script\Objects\IObject.h">
      <Filter>Tsumugi\Private\Script\Objects</Filter>
    </ClInclude>
    <ClInclude Include="..\..\TsumugiGame\Plugins\Tsumugi\Source\Tsumugi\Private\Script\Objects\NullObject.h">
      <Filter>Tsumugi\Private\Script\Objects</Filter>
    </ClInclude>
    <ClInclude Include="..\..\TsumugiGame\Plugins\Tsumugi\Source\Tsumugi\Private\Script\Objects\ObjectTypes.h">
      <Filter>Tsumugi\Private\Script\Objects</Filter>
    </ClInclude>
    <ClInclude Include="..\..\TsumugiGame\Plugins\Tsumugi\Source\Tsumugi\Private\Script\Objects\ReturnValue.h">
      <Filter>Tsumugi\Private\Script\Objects</Filter>
    </ClInclude>
    <ClInclude Include="..\..\TsumugiGame\Plugins\Tsumugi\Source\Tsumugi\Private\Script\Objects\StringObject.h">
      <Filter>Tsumugi\Private\Script\Objects</Filter>
    </ClInclude>
    <ClInclude Include="..\..\TsumugiGame\Plugins\Tsumugi\Source\Tsumugi\Private\Script\Lexer\LexingStringReader.h">
      <Filter>Tsumugi\Private\Script\Lexer</Filter>
    </ClInclude>
    <ClInclude Include="..\..\TsumugiGame\Plugins\Tsumugi\Source\Tsumugi\Private\Script\Lexer\ScriptLexer.h">
      <Filter>Tsumugi\Private\Script\Lexer</Filter>
    </ClInclude>
    <ClInclude Include="..\..\TsumugiGame\Plugins\Tsumugi\Source\Tsumugi\Private\Script\Lexer\ScriptLexingTypes.h">
      <Filter>Tsumugi\Private\Script\Lexer</Filter>
    </ClInclude>
    <ClInclude Include="..\..\TsumugiGame\Plugins\Tsumugi\Source\Tsumugi\Private\Script\Lexer\ScriptToken.h">
      <Filter>Tsumugi\Private\Script\Lexer</Filter>
    </ClInclude>
    <ClInclude Include="..\..\TsumugiGame\Plugins\Tsumugi\Source\Tsumugi\Private\Script\Lexer\ScriptTokenTypes.h">
      <Filter>Tsumugi\Private\Script\Lexer</Filter>
    </ClInclude>
    <ClInclude Include="..\..\TsumugiGame\Plugins\Tsumugi\Source\Tsumugi\Private\Script\Evaluator\Evaluator.h">
      <Filter>Tsumugi\Private\Script\Evaluator</Filter>
    </ClInclude>
    <ClInclude Include="..\..\TsumugiGame\Plugins\Tsumugi\Source\Tsumugi\Private\Script\AST\IStatement.h">
      <Filter>Tsumugi\Private\Script\AST</Filter>
    </ClInclude>
    <ClInclude Include="..\..\TsumugiGame\Plugins\Tsumugi\Source\Tsumugi\Private\Script\AST\Root.h">
      <Filter>Tsumugi\Private\Script\AST</Filter>
    </ClInclude>
    <ClInclude Include="..\..\TsumugiGame\Plugins\Tsumugi\Source\Tsumugi\Private\Script\AST\IExpression.h">
      <Filter>Tsumugi\Private\Script\AST</Filter>
    </ClInclude>
    <ClInclude Include="..\..\TsumugiGame\Plugins\Tsumugi\Source\Tsumugi\Private\Script\AST\INode.h">
      <Filter>Tsumugi\Private\Script\AST</Filter>
    </ClInclude>
    <ClInclude Include="..\..\TsumugiGame\Plugins\Tsumugi\Source\Tsumugi\Private\Script\AST\Statements\FunctionStatement.h">
      <Filter>Tsumugi\Private\Script\AST\Statements</Filter>
    </ClInclude>
    <ClInclude Include="..\..\TsumugiGame\Plugins\Tsumugi\Source\Tsumugi\Private\Script\AST\Statements\LetStatement.h">
      <Filter>Tsumugi\Private\Script\AST\Statements</Filter>
    </ClInclude>
    <ClInclude Include="..\..\TsumugiGame\Plugins\Tsumugi\Source\Tsumugi\Private\Script\AST\Statements\ReturnStatement.h">
      <Filter>Tsumugi\Private\Script\AST\Statements</Filter>
    </ClInclude>
    <ClInclude Include="..\..\TsumugiGame\Plugins\Tsumugi\Source\Tsumugi\Private\Script\AST\Statements\BlockStatement.h">
      <Filter>Tsumugi\Private\Script\AST\Statements</Filter>
    </ClInclude>
    <ClInclude Include="..\..\TsumugiGame\Plugins\Tsumugi\Source\Tsumugi\Private\Script\AST\Statements\ExpressionStatement.h">
      <Filter>Tsumugi\Private\Script\AST\Statements</Filter>
    </ClInclude>
    <ClInclude Include="..\..\TsumugiGame\Plugins\Tsumugi\Source\Tsumugi\Private\Script\AST\Expressions\ArrayLiteral.h">
      <Filter>Tsumugi\Private\Script\AST\Expressions</Filter>
    </ClInclude>
    <ClInclude Include="..\..\TsumugiGame\Plugins\Tsumugi\Source\Tsumugi\Private\Script\AST\Expressions\AssignmentExpression.h">
      <Filter>Tsumugi\Private\Script\AST\Expressions</Filter>
    </ClInclude>
    <ClInclude Include="..\..\TsumugiGame\Plugins\Tsumugi\Source\Tsumugi\Private\Script\AST\Expressions\BooleanLiteral.h">
      <Filter>Tsumugi\Private\Script\AST\Expressions</Filter>
    </ClInclude>
    <ClInclude Include="..\..\TsumugiGame\Plugins\Tsumugi\Source\Tsumugi\Private\Script\AST\Expressions\CallExpression.h">
      <Filter>Tsumugi\Private\Script\AST\Expressions</Filter>
    </ClInclude>
    <ClInclude Include="..\..\TsumugiGame\Plugins\Tsumugi\Source\Tsumugi\Private\Script\AST\Expressions\FunctionLiteral.h">
      <Filter>Tsumugi\Private\Script\AST\Expressions</Filter>
    </ClInclude>
    <ClInclude Include="..\..\TsumugiGame\Plugins\Tsumugi\Source\Tsumugi\Private\Script\AST\Expressions\Identifier.h">
      <Filter>Tsumugi\Private\Script\AST\Expressions</Filter>
    </ClInclude>
    <ClInclude Include="..\..\TsumugiGame\Plugins\Tsumugi\Source\Tsumugi\Private\Script\AST\Expressions\IfExpression.h">
      <Filter>Tsumugi\Private\Script\AST\Expressions</Filter>
    </ClInclude>
    <ClInclude Include="..\..\TsumugiGame\Plugins\Tsumugi\Source\Tsumugi\Private\Script\AST\Expressions\IndexAssignmentExpression.h">
      <Filter>Tsumugi\Private\Script\AST\Expressions</Filter>
    </ClInclude>
    <ClInclude Include="..\..\TsumugiGame\Plugins\Tsumugi\Source\Tsumugi\Private\Script\AST\Expressions\IndexExpression.h">
      <Filter>Tsumugi\Private\Script\AST\Expressions</Filter>
    </ClInclude>
    <ClInclude Include="..\..\TsumugiGame\Plugins\Tsumugi\Source\Tsumugi\Private\Script\AST\Expressions\InfixExpression.h">
      <Filter>Tsumugi\Private\Script\AST\Expressions</Filter>
    </ClInclude>
    <ClInclude Include="..\..\TsumugiGame\Plugins\Tsumugi\Source\Tsumugi\Private\Script\AST\Expressions\IntegerLiteral.h">
      <Filter>Tsumugi\Private\Script\AST\Expressions</Filter>
    </ClInclude>
    <ClInclude Include="..\..\TsumugiGame\Plugins\Tsumugi\Source\Tsumugi\Private\Script\AST\Expressions\PrefixExpression.h">
      <Filter>Tsumugi\Private\Script\AST\Expressions</Filter>
    </ClInclude>
    <ClInclude Include="..\..\TsumugiGame\Plugins\Tsumugi\Source\Tsumugi\Private\Script\AST\Expressions\StringLiteral.h">
      <Filter>Tsumugi\Private\Script\AST\Expressions</Filter>
    </ClInclude>
    <ClInclude Include="..\..\TsumugiGame\Plugins\Tsumugi\Source\Tsumugi\Private\Script\AST\Expressions\WhileExpression.h">
      <Filter>Tsumugi\Private\Script\AST\Expressions</Filter>
    </ClInclude>
    <ClInclude Include="..\..\TsumugiGame\Plugins\Tsumugi\Source\Tsumugi\Private\Script\AST\Expressions\HashLiteral.h">
      <Filter>Tsumugi\Private\Script\AST\Expressions</Filter>
    </ClInclude>
    <ClInclude Include="..\..\TsumugiGame\Plugins\Tsumugi\Source\Tsumugi\Private\Script\Objects\HashObject.h">
      <Filter>Tsumugi\Private\Script\Objects</Filter>
    </ClInclude>
    <ClInclude Include="..\..\TsumugiGame\Plugins\Tsumugi\Source\Tsumugi\Private\Script\Objects\ObjectHash.h">
      <Filter>Tsumugi\Private\Script\Objects</Filter>
    </ClInclude>
    <ClInclude Include="..\..\TsumugiGame\Plugins\Tsumugi\Source\Tsumugi\Private\Script\AST\Statements\ForStatement.h">
      <Filter>Tsumugi\Private\Script\AST\Statements</Filter>
    </ClInclude>
    <ClInclude Include="..\..\TsumugiGame\Plugins\Tsumugi\Source\Tsumugi\Private\Script\AST\Statements\BreakStatement.h">
      <Filter>Tsumugi\Private\Script\AST\Statements</Filter>
    </ClInclude>
    <ClInclude Include="..\..\TsumugiGame\Plugins\Tsumugi\Source\Tsumugi\Private\Script\AST\Statements\ContinueStatement.h">
      <Filter>Tsumugi\Private\Script\AST\Statements</Filter>
    </ClInclude>
    <ClInclude Include="..\..\TsumugiGame\Plugins\Tsumugi\Source\Tsumugi\Private\Script\Objects\BreakObject.h">
      <Filter>Tsumugi\Private\Script\Objects</Filter>
    </ClInclude>
    <ClInclude Include="..\..\TsumugiGame\Plugins\Tsumugi\Source\Tsumugi\Private\Script\Objects\ContinueObject.h">
      <Filter>Tsumugi\Private\Script\Objects</Filter>
    </ClInclude>
    <ClInclude Include="..\..\TsumugiGame\Plugins\Tsumugi\Source\Tsumugi\Private\Script\AST\Expressions\PropertyAccessExpression.h">
      <Filter>Tsumugi\Private\Script\AST\Expressions</Filter>
    </ClInclude>
    <ClInclude Include="..\..\TsumugiGame\Plugins\Tsumugi\Source\Tsumugi\Private\Script\Objects\BuiltinMethodObject.h">
      <Filter>Tsumugi\Private\Script\Objects</Filter>
    </ClInclude>
    <ClInclude Include="..\..\TsumugiGame\Plugins\Tsumugi\Source\Tsumugi\Private\Script\Objects\BuiltinFunctionObject.h">
      <Filter>Tsumugi\Private\Script\Objects</Filter>
    </ClInclude>
    <ClInclude Include="..\..\TsumugiGame\Plugins\Tsumugi\Source\Tsumugi\Private\Script\Objects\ArrayMethods.h">
      <Filter>Tsumugi\Private\Script\Objects</Filter>
    </ClInclude>
    <ClInclude Include="..\..\TsumugiGame\Plugins\Tsumugi\Source\Tsumugi\Private\Script\Objects\HashMethods.h">
      <Filter>Tsumugi\Private\Script\Objects</Filter>
    </ClInclude>
    <ClInclude Include="..\..\TsumugiGame\Plugins\Tsumugi\Source\Tsumugi\Private\Script\Objects\StringMethods.h">
      <Filter>Tsumugi\Private\Script\Objects</Filter>
    </ClInclude>
    <ClInclude Include="..\..\TsumugiGame\Plugins\Tsumugi\Source\Tsumugi\Private\Script\Builtins\BuiltinFunctions.h">
      <Filter>Tsumugi\Private\Script\Builtins</Filter>
    </ClInclude>
  </ItemGroup>
  <ItemGroup>
    <ClCompile Include="..\..\TsumugiGame\Plugins\Tsumugi\Source\Tsumugi\Private\Common\ErrorReporter.cpp">
      <Filter>Tsumugi\Private\Common</Filter>
    </ClCompile>
    <ClCompile Include="..\..\TsumugiGame\Plugins\Tsumugi\Source\Tsumugi\Private\Foundation\Types.cpp">
      <Filter>Tsumugi\Private\Foundation</Filter>
    </ClCompile>
    <ClCompile Include="..\..\TsumugiGame\Plugins\Tsumugi\Source\Tsumugi\Private\Localization\Localizer.cpp">
      <Filter>Tsumugi\Private\Localization</Filter>
    </ClCompile>
    <ClCompile Include="..\..\TsumugiGame\Plugins\Tsumugi\Source\Tsumugi\Private\Log\LogConsole.cpp">
      <Filter>Tsumugi\Private\Log</Filter>
    </ClCompile>
    <ClCompile Include="..\..\TsumugiGame\Plugins\Tsumugi\Source\Tsumugi\Private\Log\TextLogger.cpp">
      <Filter>Tsumugi\Private\Log</Filter>
    </ClCompile>
    <ClCompile Include="..\..\TsumugiGame\Plugins\Tsumugi\Source\Tsumugi\Private\Text\Lexer\TextLexer.cpp">
      <Filter>Tsumugi\Private\Text\Lexer</Filter>
    </ClCompile>
    <ClCompile Include="..\..\TsumugiGame\Plugins\Tsumugi\Source\Tsumugi\Private\Text\Lexer\TextToken.cpp">
      <Filter>Tsumugi\Private\Text\Lexer</Filter>
    </ClCompile>
    <ClCompile Include="..\..\TsumugiGame\Plugins\Tsumugi\Source\Tsumugi\Private\Script\Parser\ScriptParser.cpp">
      <Filter>Tsumugi\Private\Script\Parser</Filter>
    </ClCompile>
    <ClCompile Include="..\..\TsumugiGame\Plugins\Tsumugi\Source\Tsumugi\Private\Script\Objects\ArrayObject.cpp">
      <Filter>Tsumugi\Private\Script\Objects</Filter>
    </ClCompile>
    <ClCompile Include="..\..\TsumugiGame\Plugins\Tsumugi\Source\Tsumugi\Private\Script\Objects\BooleanObject.cpp">
      <Filter>Tsumugi\Private\Script\Objects</Filter>
    </ClCompile>
    <ClCompile Include="..\..\TsumugiGame\Plugins\Tsumugi\Source\Tsumugi\Private\Script\Objects\Environment.cpp">
      <Filter>Tsumugi\Private\Script\Objects</Filter>
    </ClCompile>
    <ClCompile Include="..\..\TsumugiGame\Plugins\Tsumugi\Source\Tsumugi\Private\Script\Objects\ErrorObject.cpp">
      <Filter>Tsumugi\Private\Script\Objects</Filter>
    </ClCompile>
    <ClCompile Include="..\..\TsumugiGame\Plugins\Tsumugi\Source\Tsumugi\Private\Script\Objects\FunctionObject.cpp">
      <Filter>Tsumugi\Private\Script\Objects</Filter>
    </ClCompile>
    <ClCompile Include="..\..\TsumugiGame\Plugins\Tsumugi\Source\Tsumugi\Private\Script\Objects\IntegerObject.cpp">
      <Filter>Tsumugi\Private\Script\Objects</Filter>
    </ClCompile>
    <ClCompile Include="..\..\TsumugiGame\Plugins\Tsumugi\Source\Tsumugi\Private\Script\Objects\IObject.cpp">
      <Filter>Tsumugi\Private\Script\Objects</Filter>
    </ClCompile>
    <ClCompile Include="..\..\TsumugiGame\Plugins\Tsumugi\Source\Tsumugi\Private\Script\Objects\NullObject.cpp">
      <Filter>Tsumugi\Private\Script\Objects</Filter>
    </ClCompile>
    <ClCompile Include="..\..\TsumugiGame\Plugins\Tsumugi\Source\Tsumugi\Private\Script\Objects\ObjectTypes.cpp">
      <Filter>Tsumugi\Private\Script\Objects</Filter>
    </ClCompile>
    <ClCompile Include="..\..\TsumugiGame\Plugins\Tsumugi\Source\Tsumugi\Private\Script\Objects\ReturnValue.cpp">
      <Filter>Tsumugi\Private\Script\Objects</Filter>
    </ClCompile>
    <ClCompile Include="..\..\TsumugiGame\Plugins\Tsumugi\Source\Tsumugi\Private\Script\Objects\StringObject.cpp">
      <Filter>Tsumugi\Private\Script\Objects</Filter>
    </ClCompile>
    <ClCompile Include="..\..\TsumugiGame\Plugins\Tsumugi\Source\Tsumugi\Private\Script\Lexer\LexingStringReader.cpp">
      <Filter>Tsumugi\Private\Script\Lexer</Filter>
    </ClCompile>
    <ClCompile Include="..\..\TsumugiGame\Plugins\Tsumugi\Source\Tsumugi\Private\Script\Lexer\ScriptLexer.cpp">
      <Filter>Tsumugi\Private\Script\Lexer</Filter>
    </ClCompile>
    <ClCompile Include="..\..\TsumugiGame\Plugins\Tsumugi\Source\Tsumugi\Private\Script\Lexer\ScriptLexingTypes.cpp">
      <Filter>Tsumugi\Private\Script\Lexer</Filter>
    </ClCompile>
    <ClCompile Include="..\..\TsumugiGame\Plugins\Tsumugi\Source\Tsumugi\Private\Script\Lexer\ScriptToken.cpp">
      <Filter>Tsumugi\Private\Script\Lexer</Filter>
    </ClCompile>
    <ClCompile Include="..\..\TsumugiGame\Plugins\Tsumugi\Source\Tsumugi\Private\Script\Lexer\ScriptTokenTypes.cpp">
      <Filter>Tsumugi\Private\Script\Lexer</Filter>
    </ClCompile>
    <ClCompile Include="..\..\TsumugiGame\Plugins\Tsumugi\Source\Tsumugi\Private\Script\Evaluator\Evaluator.cpp">
      <Filter>Tsumugi\Private\Script\Evaluator</Filter>
    </ClCompile>
    <ClCompile Include="..\..\TsumugiGame\Plugins\Tsumugi\Source\Tsumugi\Private\Script\AST\IStatement.cpp">
      <Filter>Tsumugi\Private\Script\AST</Filter>
    </ClCompile>
    <ClCompile Include="..\..\TsumugiGame\Plugins\Tsumugi\Source\Tsumugi\Private\Script\AST\Root.cpp">
      <Filter>Tsumugi\Private\Script\AST</Filter>
    </ClCompile>
    <ClCompile Include="..\..\TsumugiGame\Plugins\Tsumugi\Source\Tsumugi\Private\Script\AST\IExpression.cpp">
      <Filter>Tsumugi\Private\Script\AST</Filter>
    </ClCompile>
    <ClCompile Include="..\..\TsumugiGame\Plugins\Tsumugi\Source\Tsumugi\Private\Script\AST\INode.cpp">
      <Filter>Tsumugi\Private\Script\AST</Filter>
    </ClCompile>
    <ClCompile Include="..\..\TsumugiGame\Plugins\Tsumugi\Source\Tsumugi\Private\Script\AST\Statements\FunctionStatement.cpp">
      <Filter>Tsumugi\Private\Script\AST\Statements</Filter>
    </ClCompile>
    <ClCompile Include="..\..\TsumugiGame\Plugins\Tsumugi\Source\Tsumugi\Private\Script\AST\Statements\LetStatement.cpp">
      <Filter>Tsumugi\Private\Script\AST\Statements</Filter>
    </ClCompile>
    <ClCompile Include="..\..\TsumugiGame\Plugins\Tsumugi\Source\Tsumugi\Private\Script\AST\Statements\ReturnStatement.cpp">
      <Filter>Tsumugi\Private\Script\AST\Statements</Filter>
    </ClCompile>
    <ClCompile Include="..\..\TsumugiGame\Plugins\Tsumugi\Source\Tsumugi\Private\Script\AST\Statements\BlockStatement.cpp">
      <Filter>Tsumugi\Private\Script\AST\Statements</Filter>
    </ClCompile>
    <ClCompile Include="..\..\TsumugiGame\Plugins\Tsumugi\Source\Tsumugi\Private\Script\AST\Statements\ExpressionStatement.cpp">
      <Filter>Tsumugi\Private\Script\AST\Statements</Filter>
    </ClCompile>
    <ClCompile Include="..\..\TsumugiGame\Plugins\Tsumugi\Source\Tsumugi\Private\Script\AST\Expressions\ArrayLiteral.cpp">
      <Filter>Tsumugi\Private\Script\AST\Expressions</Filter>
    </ClCompile>
    <ClCompile Include="..\..\TsumugiGame\Plugins\Tsumugi\Source\Tsumugi\Private\Script\AST\Expressions\AssignmentExpression.cpp">
      <Filter>Tsumugi\Private\Script\AST\Expressions</Filter>
    </ClCompile>
    <ClCompile Include="..\..\TsumugiGame\Plugins\Tsumugi\Source\Tsumugi\Private\Script\AST\Expressions\BooleanLiteral.cpp">
      <Filter>Tsumugi\Private\Script\AST\Expressions</Filter>
    </ClCompile>
    <ClCompile Include="..\..\TsumugiGame\Plugins\Tsumugi\Source\Tsumugi\Private\Script\AST\Expressions\CallExpression.cpp">
      <Filter>Tsumugi\Private\Script\AST\Expressions</Filter>
    </ClCompile>
    <ClCompile Include="..\..\TsumugiGame\Plugins\Tsumugi\Source\Tsumugi\Private\Script\AST\Expressions\FunctionLiteral.cpp">
      <Filter>Tsumugi\Private\Script\AST\Expressions</Filter>
    </ClCompile>
    <ClCompile Include="..\..\TsumugiGame\Plugins\Tsumugi\Source\Tsumugi\Private\Script\AST\Expressions\Identifier.cpp">
      <Filter>Tsumugi\Private\Script\AST\Expressions</Filter>
    </ClCompile>
    <ClCompile Include="..\..\TsumugiGame\Plugins\Tsumugi\Source\Tsumugi\Private\Script\AST\Expressions\IfExpression.cpp">
      <Filter>Tsumugi\Private\Script\AST\Expressions</Filter>
    </ClCompile>
    <ClCompile Include="..\..\TsumugiGame\Plugins\Tsumugi\Source\Tsumugi\Private\Script\AST\Expressions\IndexAssignmentExpression.cpp">
      <Filter>Tsumugi\Private\Script\AST\Expressions</Filter>
    </ClCompile>
    <ClCompile Include="..\..\TsumugiGame\Plugins\Tsumugi\Source\Tsumugi\Private\Script\AST\Expressions\IndexExpression.cpp">
      <Filter>Tsumugi\Private\Script\AST\Expressions</Filter>
    </ClCompile>
    <ClCompile Include="..\..\TsumugiGame\Plugins\Tsumugi\Source\Tsumugi\Private\Script\AST\Expressions\InfixExpression.cpp">
      <Filter>Tsumugi\Private\Script\AST\Expressions</Filter>
    </ClCompile>
    <ClCompile Include="..\..\TsumugiGame\Plugins\Tsumugi\Source\Tsumugi\Private\Script\AST\Expressions\IntegerLiteral.cpp">
      <Filter>Tsumugi\Private\Script\AST\Expressions</Filter>
    </ClCompile>
    <ClCompile Include="..\..\TsumugiGame\Plugins\Tsumugi\Source\Tsumugi\Private\Script\AST\Expressions\PrefixExpression.cpp">
      <Filter>Tsumugi\Private\Script\AST\Expressions</Filter>
    </ClCompile>
    <ClCompile Include="..\..\TsumugiGame\Plugins\Tsumugi\Source\Tsumugi\Private\Script\AST\Expressions\StringLiteral.cpp">
      <Filter>Tsumugi\Private\Script\AST\Expressions</Filter>
    </ClCompile>
    <ClCompile Include="..\..\TsumugiGame\Plugins\Tsumugi\Source\Tsumugi\Private\Script\AST\Expressions\WhileExpression.cpp">
      <Filter>Tsumugi\Private\Script\AST\Expressions</Filter>
    </ClCompile>
    <ClCompile Include="..\..\TsumugiGame\Plugins\Tsumugi\Source\Tsumugi\Private\Script\AST\Expressions\HashLiteral.cpp">
      <Filter>Tsumugi\Private\Script\AST\Expressions</Filter>
    </ClCompile>
    <ClCompile Include="..\..\TsumugiGame\Plugins\Tsumugi\Source\Tsumugi\Private\Script\Objects\HashObject.cpp">
      <Filter>Tsumugi\Private\Script\Objects</Filter>
    </ClCompile>
    <ClCompile Include="..\..\TsumugiGame\Plugins\Tsumugi\Source\Tsumugi\Private\Script\Objects\ObjectHash.cpp">
      <Filter>Tsumugi\Private\Script\Objects</Filter>
    </ClCompile>
    <ClCompile Include="..\..\TsumugiGame\Plugins\Tsumugi\Source\Tsumugi\Private\Script\AST\Statements\ForStatement.cpp">
      <Filter>Tsumugi\Private\Script\AST\Statements</Filter>
    </ClCompile>
    <ClCompile Include="..\..\TsumugiGame\Plugins\Tsumugi\Source\Tsumugi\Private\Script\AST\Statements\BreakStatement.cpp">
      <Filter>Tsumugi\Private\Script\AST\Statements</Filter>
    </ClCompile>
    <ClCompile Include="..\..\TsumugiGame\Plugins\Tsumugi\Source\Tsumugi\Private\Script\AST\Statements\ContinueStatement.cpp">
      <Filter>Tsumugi\Private\Script\AST\Statements</Filter>
    </ClCompile>
    <ClCompile Include="..\..\TsumugiGame\Plugins\Tsumugi\Source\Tsumugi\Private\Script\Objects\BreakObject.cpp">
      <Filter>Tsumugi\Private\Script\Objects</Filter>
    </ClCompile>
    <ClCompile Include="..\..\TsumugiGame\Plugins\Tsumugi\Source\Tsumugi\Private\Script\Objects\ContinueObject.cpp">
      <Filter>Tsumugi\Private\Script\Objects</Filter>
    </ClCompile>
    <ClCompile Include="..\..\TsumugiGame\Plugins\Tsumugi\Source\Tsumugi\Private\Script\AST\Expressions\PropertyAccessExpression.cpp">
      <Filter>Tsumugi\Private\Script\AST\Expressions</Filter>
    </ClCompile>
    <ClCompile Include="..\..\TsumugiGame\Plugins\Tsumugi\Source\Tsumugi\Private\Script\Objects\BuiltinMethodObject.cpp">
      <Filter>Tsumugi\Private\Script\Objects</Filter>
    </ClCompile>
    <ClCompile Include="..\..\TsumugiGame\Plugins\Tsumugi\Source\Tsumugi\Private\Script\Objects\BuiltinFunctionObject.cpp">
      <Filter>Tsumugi\Private\Script\Objects</Filter>
    </ClCompile>
    <ClCompile Include="..\..\TsumugiGame\Plugins\Tsumugi\Source\Tsumugi\Private\Script\Objects\ArrayMethods.cpp">
      <Filter>Tsumugi\Private\Script\Objects</Filter>
    </ClCompile>
    <ClCompile Include="..\..\TsumugiGame\Plugins\Tsumugi\Source\Tsumugi\Private\Script\Objects\HashMethods.cpp">
      <Filter>Tsumugi\Private\Script\Objects</Filter>
    </ClCompile>
    <ClCompile Include="..\..\TsumugiGame\Plugins\Tsumugi\Source\Tsumugi\Private\Script\Objects\StringMethods.cpp">
      <Filter>Tsumugi\Private\Script\Objects</Filter>
    </ClCompile>
    <ClCompile Include="..\..\TsumugiGame\Plugins\Tsumugi\Source\Tsumugi\Private\Script\Builtins\BuiltinFunctions.cpp">
      <Filter>Tsumugi\Private\Script\Builtins</Filter>
    </ClCompile>
  </ItemGroup>
  <ItemGroup>
    <None Include="..\..\TsumugiGame\.editorconfig" />
  </ItemGroup>
</Project>